// !$*UTF8*$!
{
	archiveVersion = 1;
	classes = {
	};
	objectVersion = 46;
	objects = {

/* Begin PBXBuildFile section */
		0BEEC6069A4F40A1B9ADB2AF /* CDVLocation.m in Sources */ = {isa = PBXBuildFile; fileRef = 68B1A5F221184E55B874F497 /* CDVLocation.m */; };
		0D6196788F494F6599254B1D /* UIImage+CropScaleOrientation.m in Sources */ = {isa = PBXBuildFile; fileRef = FC2B9732DE5344CDAEA4EDB9 /* UIImage+CropScaleOrientation.m */; };
		13D0DFA9297E4EB8AC338F70 /* CDVStatusBar.m in Sources */ = {isa = PBXBuildFile; fileRef = 3FF5C9D4E01A4D5984EC48FA /* CDVStatusBar.m */; };
		18CD624672B845C781A1CE38 /* CDVInAppBrowser.m in Sources */ = {isa = PBXBuildFile; fileRef = 644B925EC8AF435A901499AD /* CDVInAppBrowser.m */; };
		1C5631AB840541DA88007005 /* CDVSound.m in Sources */ = {isa = PBXBuildFile; fileRef = C8968FA81B614ED887C3594B /* CDVSound.m */; };
		1D3623260D0F684500981E51 /* AppDelegate.m in Sources */ = {isa = PBXBuildFile; fileRef = 1D3623250D0F684500981E51 /* AppDelegate.m */; };
		1D60589B0D05DD56006BFB54 /* main.m in Sources */ = {isa = PBXBuildFile; fileRef = 29B97316FDCFA39411CA2CEA /* main.m */; };
		2000E364B86A437B97BAF865 /* CDVLocalFilesystem.m in Sources */ = {isa = PBXBuildFile; fileRef = 5383B7085AD34AB7959604E8 /* CDVLocalFilesystem.m */; };
		22F1F54F1C6540F5BB3287DD /* CDVConnection.m in Sources */ = {isa = PBXBuildFile; fileRef = D056BD7D784C436BBBA74849 /* CDVConnection.m */; };
		246B41322B604638A3465225 /* CoreLocation.framework in Frameworks */ = {isa = PBXBuildFile; fileRef = 25EB94D9E47447388968C0A2 /* CoreLocation.framework */; };
		247ABBE68DE64AA2A94B60F8 /* CDVAssetLibraryFilesystem.m in Sources */ = {isa = PBXBuildFile; fileRef = 97BB11E4972E4BD38187E3D7 /* CDVAssetLibraryFilesystem.m */; };
		288765FD0DF74451002DB57D /* CoreGraphics.framework in Frameworks */ = {isa = PBXBuildFile; fileRef = 288765FC0DF74451002DB57D /* CoreGraphics.framework */; };
		2CA70A9F591243A3A08B8A18 /* CDVFile.m in Sources */ = {isa = PBXBuildFile; fileRef = 5B6B286267CB4E52A1A24B27 /* CDVFile.m */; };
		301BF552109A68D80062928A /* libCordova.a in Frameworks */ = {isa = PBXBuildFile; fileRef = 301BF535109A57CC0062928A /* libCordova.a */; };
		302D95F114D2391D003F00A1 /* MainViewController.m in Sources */ = {isa = PBXBuildFile; fileRef = 302D95EF14D2391D003F00A1 /* MainViewController.m */; };
		302D95F214D2391D003F00A1 /* MainViewController.xib in Resources */ = {isa = PBXBuildFile; fileRef = 302D95F014D2391D003F00A1 /* MainViewController.xib */; };
		305D5FD1115AB8F900A74A75 /* MobileCoreServices.framework in Frameworks */ = {isa = PBXBuildFile; fileRef = 305D5FD0115AB8F900A74A75 /* MobileCoreServices.framework */; };
		3088BBBD154F3926009F9C59 /* Default-Landscape@2x~ipad.png in Resources */ = {isa = PBXBuildFile; fileRef = 3088BBB7154F3926009F9C59 /* Default-Landscape@2x~ipad.png */; };
		3088BBBE154F3926009F9C59 /* Default-Landscape~ipad.png in Resources */ = {isa = PBXBuildFile; fileRef = 3088BBB8154F3926009F9C59 /* Default-Landscape~ipad.png */; };
		3088BBBF154F3926009F9C59 /* Default-Portrait@2x~ipad.png in Resources */ = {isa = PBXBuildFile; fileRef = 3088BBB9154F3926009F9C59 /* Default-Portrait@2x~ipad.png */; };
		3088BBC0154F3926009F9C59 /* Default-Portrait~ipad.png in Resources */ = {isa = PBXBuildFile; fileRef = 3088BBBA154F3926009F9C59 /* Default-Portrait~ipad.png */; };
		3088BBC1154F3926009F9C59 /* Default@2x~iphone.png in Resources */ = {isa = PBXBuildFile; fileRef = 3088BBBB154F3926009F9C59 /* Default@2x~iphone.png */; };
		3088BBC2154F3926009F9C59 /* Default~iphone.png in Resources */ = {isa = PBXBuildFile; fileRef = 3088BBBC154F3926009F9C59 /* Default~iphone.png */; };
		308D05371370CCF300D202BF /* icon-72.png in Resources */ = {isa = PBXBuildFile; fileRef = 308D052E1370CCF300D202BF /* icon-72.png */; };
		308D05381370CCF300D202BF /* icon.png in Resources */ = {isa = PBXBuildFile; fileRef = 308D052F1370CCF300D202BF /* icon.png */; };
		308D05391370CCF300D202BF /* icon@2x.png in Resources */ = {isa = PBXBuildFile; fileRef = 308D05301370CCF300D202BF /* icon@2x.png */; };
		30B4F30019D5E07200D9F7D8 /* Default-667h.png in Resources */ = {isa = PBXBuildFile; fileRef = 30B4F2FD19D5E07200D9F7D8 /* Default-667h.png */; };
		30B4F30119D5E07200D9F7D8 /* Default-736h.png in Resources */ = {isa = PBXBuildFile; fileRef = 30B4F2FE19D5E07200D9F7D8 /* Default-736h.png */; };
		30B4F30219D5E07200D9F7D8 /* Default-Landscape-736h.png in Resources */ = {isa = PBXBuildFile; fileRef = 30B4F2FF19D5E07200D9F7D8 /* Default-Landscape-736h.png */; };
		30C1856619D5FC0A00212699 /* icon-60@3x.png in Resources */ = {isa = PBXBuildFile; fileRef = 30C1856519D5FC0A00212699 /* icon-60@3x.png */; };
		30FC414916E50CA1004E6F35 /* icon-72@2x.png in Resources */ = {isa = PBXBuildFile; fileRef = 30FC414816E50CA1004E6F35 /* icon-72@2x.png */; };
		31821FB69A1C40F6AEC16236 /* CDVDevice.m in Sources */ = {isa = PBXBuildFile; fileRef = FAA6BF2005E9448D9B1B24A1 /* CDVDevice.m */; };
		33B73D86D3E84EE59CF90C5D /* CDVNotification.bundle in Resources */ = {isa = PBXBuildFile; fileRef = C00628EEF60E4BADB86E37C0 /* CDVNotification.bundle */; };
		36AC3FCC3C934A19A71FFFE9 /* CDVContact.m in Sources */ = {isa = PBXBuildFile; fileRef = BD12EF25141C4C3CBA52BFB0 /* CDVContact.m */; };
		570613177C104E49916C6C67 /* CDVCompass.m in Sources */ = {isa = PBXBuildFile; fileRef = D567FF939B7647AA89578192 /* CDVCompass.m */; };
		57FE06F511074C0F8971215E /* scannerOverlay.xib in Resources */ = {isa = PBXBuildFile; fileRef = CE1197C55FEF4661915CC87B /* scannerOverlay.xib */; };
		5B1594DD16A7569C00FEF299 /* AssetsLibrary.framework in Frameworks */ = {isa = PBXBuildFile; fileRef = 5B1594DC16A7569C00FEF299 /* AssetsLibrary.framework */; };
		5F73F1A3CD434F17B5A16B96 /* QuartzCore.framework in Frameworks */ = {isa = PBXBuildFile; fileRef = 8CF7E79CE763431796A92CA9 /* QuartzCore.framework */; };
		647E57A6794944C0B40F597B /* CDVCamera.m in Sources */ = {isa = PBXBuildFile; fileRef = 5A23C797361C425C88606372 /* CDVCamera.m */; };
		656769CC3F1943AD8C17EED2 /* CDVAccelerometer.m in Sources */ = {isa = PBXBuildFile; fileRef = A353B04F737946688ABDE471 /* CDVAccelerometer.m */; };
		6B39DB93321F4D23A6C26172 /* AddressBookUI.framework in Frameworks */ = {isa = PBXBuildFile; fileRef = 7E7D7B58F887480D82473F63 /* AddressBookUI.framework */; settings = {ATTRIBUTES = (Weak, ); }; };
		715A62B178314FCA9FF47660 /* CDVViewController+SplashScreen.m in Sources */ = {isa = PBXBuildFile; fileRef = 69AC6F389B82444BAA9CF11E /* CDVViewController+SplashScreen.m */; };
		72FC74B8FB0F4CA0969451D2 /* ImageIO.framework in Frameworks */ = {isa = PBXBuildFile; fileRef = 232A5D9D418E4753B3C393D7 /* ImageIO.framework */; settings = {ATTRIBUTES = (Weak, ); }; };
		76E16642DC4C468CBE9D2D74 /* CDVVibration.m in Sources */ = {isa = PBXBuildFile; fileRef = 723848832D86422482EB0E54 /* CDVVibration.m */; };
		7D322ABAB9B248B0B5CFC9FF /* AddressBook.framework in Frameworks */ = {isa = PBXBuildFile; fileRef = 1C4B0071209A4691AC44507B /* AddressBook.framework */; settings = {ATTRIBUTES = (Weak, ); }; };
		7E7966DE1810823500FA85AD /* icon-40.png in Resources */ = {isa = PBXBuildFile; fileRef = 7E7966D41810823500FA85AD /* icon-40.png */; };
		7E7966DF1810823500FA85AD /* icon-40@2x.png in Resources */ = {isa = PBXBuildFile; fileRef = 7E7966D51810823500FA85AD /* icon-40@2x.png */; };
		7E7966E01810823500FA85AD /* icon-50.png in Resources */ = {isa = PBXBuildFile; fileRef = 7E7966D61810823500FA85AD /* icon-50.png */; };
		7E7966E11810823500FA85AD /* icon-50@2x.png in Resources */ = {isa = PBXBuildFile; fileRef = 7E7966D71810823500FA85AD /* icon-50@2x.png */; };
		7E7966E21810823500FA85AD /* icon-60.png in Resources */ = {isa = PBXBuildFile; fileRef = 7E7966D81810823500FA85AD /* icon-60.png */; };
		7E7966E31810823500FA85AD /* icon-60@2x.png in Resources */ = {isa = PBXBuildFile; fileRef = 7E7966D91810823500FA85AD /* icon-60@2x.png */; };
		7E7966E41810823500FA85AD /* icon-76.png in Resources */ = {isa = PBXBuildFile; fileRef = 7E7966DA1810823500FA85AD /* icon-76.png */; };
		7E7966E51810823500FA85AD /* icon-76@2x.png in Resources */ = {isa = PBXBuildFile; fileRef = 7E7966DB1810823500FA85AD /* icon-76@2x.png */; };
		7E7966E61810823500FA85AD /* icon-small.png in Resources */ = {isa = PBXBuildFile; fileRef = 7E7966DC1810823500FA85AD /* icon-small.png */; };
		7E7966E71810823500FA85AD /* icon-small@2x.png in Resources */ = {isa = PBXBuildFile; fileRef = 7E7966DD1810823500FA85AD /* icon-small@2x.png */; };
		7E7980BCBF0849C0A721E63B /* CDVBattery.m in Sources */ = {isa = PBXBuildFile; fileRef = 272C1110FBE643D9A9E4DC48 /* CDVBattery.m */; };
		8444114195994C2C892AED76 /* CDVContacts.m in Sources */ = {isa = PBXBuildFile; fileRef = EDAFB2EB76E146EC82912C9E /* CDVContacts.m */; };
		9B2F5C93768D40D69F95DC5C /* libiconv.dylib in Frameworks */ = {isa = PBXBuildFile; fileRef = B7250B6EA5BF4A49B1DB3C4F /* libiconv.dylib */; };
		9EA0D811F1A84E43A9416BF2 /* CDVCapture.bundle in Resources */ = {isa = PBXBuildFile; fileRef = 2CC7A9D334804685B088540C /* CDVCapture.bundle */; };
		A0B8B0B94BA64CDF9CC1EF33 /* SystemConfiguration.framework in Frameworks */ = {isa = PBXBuildFile; fileRef = 0B65B33749C249BBB9AA8496 /* SystemConfiguration.framework */; settings = {ATTRIBUTES = (Weak, ); }; };
		A47B4BF61BD748C3A51E58C6 /* CDVFileTransfer.m in Sources */ = {isa = PBXBuildFile; fileRef = 8EBBCB1970634D9CAFFC4DA5 /* CDVFileTransfer.m */; };
		A9A7951568B94830A4D0240C /* CDVSplashScreen.m in Sources */ = {isa = PBXBuildFile; fileRef = 60B1B0C6326F4234AB2FB0EE /* CDVSplashScreen.m */; };
		AB191DA52FC347719440154F /* CDVJpegHeaderWriter.m in Sources */ = {isa = PBXBuildFile; fileRef = 83E6ACE101404C1EB2862987 /* CDVJpegHeaderWriter.m */; };
		ABD0DB113F604EB8873AC2C1 /* CDVBarcodeScanner.mm in Sources */ = {isa = PBXBuildFile; fileRef = 971B92FF674E459FAFB678D1 /* CDVBarcodeScanner.mm */; settings = {COMPILER_FLAGS = "-fno-objc-arc"; }; };
		AF41459012AD417D8C5750AF /* CDVNotification.m in Sources */ = {isa = PBXBuildFile; fileRef = A530139461D544E3A2B3BFA6 /* CDVNotification.m */; };
		B6BF04CFC55D4E4499CD4E59 /* CoreVideo.framework in Frameworks */ = {isa = PBXBuildFile; fileRef = 3DEAE5B115954F979047EFF6 /* CoreVideo.framework */; };
		BACA9A86116E439C8EED70B4 /* CoreMotion.framework in Frameworks */ = {isa = PBXBuildFile; fileRef = FF2F4E0BA237409EAA6AE5DD /* CoreMotion.framework */; };
		BDAF0D37309749EB8994C3DF /* AudioToolbox.framework in Frameworks */ = {isa = PBXBuildFile; fileRef = B01C9FF00AA64D7C8B8746FE /* AudioToolbox.framework */; settings = {ATTRIBUTES = (Weak, ); }; };
		D4A0D8761607E02300AEF8BB /* Default-568h@2x~iphone.png in Resources */ = {isa = PBXBuildFile; fileRef = D4A0D8751607E02300AEF8BB /* Default-568h@2x~iphone.png */; };
		D8FA57039D8542F1860CA74A /* CDVReachability.m in Sources */ = {isa = PBXBuildFile; fileRef = 8D9471EE1989490AB873C8A5 /* CDVReachability.m */; };
		E3CE6645FAF842CB84586BDB /* CDVLogger.m in Sources */ = {isa = PBXBuildFile; fileRef = 9963A8005D624CE69A4414D8 /* CDVLogger.m */; };
		F3C724E00B244FAEAF7BA32B /* zxing-all-in-one.cpp in Sources */ = {isa = PBXBuildFile; fileRef = 9CA8EC8DD9004826B32C0D76 /* zxing-all-in-one.cpp */; };
		F3D8CFA7DE55475B9D25F33A /* CDVCapture.m in Sources */ = {isa = PBXBuildFile; fileRef = E03A30D48A2E44D8BED75752 /* CDVCapture.m */; };
		F5CCE20499FF42E887CB163D /* AVFoundation.framework in Frameworks */ = {isa = PBXBuildFile; fileRef = B4E73AB264E64B85B51E541E /* AVFoundation.framework */; };
/* End PBXBuildFile section */

/* Begin PBXContainerItemProxy section */
		301BF534109A57CC0062928A /* PBXContainerItemProxy */ = {
			isa = PBXContainerItemProxy;
			containerPortal = 301BF52D109A57CC0062928A /* CordovaLib.xcodeproj */;
			proxyType = 2;
			remoteGlobalIDString = D2AAC07E0554694100DB518D;
			remoteInfo = CordovaLib;
		};
		301BF550109A68C00062928A /* PBXContainerItemProxy */ = {
			isa = PBXContainerItemProxy;
			containerPortal = 301BF52D109A57CC0062928A /* CordovaLib.xcodeproj */;
			proxyType = 1;
			remoteGlobalIDString = D2AAC07D0554694100DB518D;
			remoteInfo = CordovaLib;
		};
/* End PBXContainerItemProxy section */

/* Begin PBXFileReference section */
		04DE82485DD749AD9E553421 /* CDVLogger.h */ = {isa = PBXFileReference; fileEncoding = 4; lastKnownFileType = sourcecode.c.h; name = CDVLogger.h; path = "cordova-plugin-console/CDVLogger.h"; sourceTree = "<group>"; };
		061B0972632F407CA8A2B2B9 /* CDVInAppBrowser.h */ = {isa = PBXFileReference; fileEncoding = 4; lastKnownFileType = sourcecode.c.h; name = CDVInAppBrowser.h; path = "cordova-plugin-inappbrowser/CDVInAppBrowser.h"; sourceTree = "<group>"; };
		0B65B33749C249BBB9AA8496 /* SystemConfiguration.framework */ = {isa = PBXFileReference; fileEncoding = 4; lastKnownFileType = wrapper.framework; name = SystemConfiguration.framework; path = System/Library/Frameworks/SystemConfiguration.framework; sourceTree = SDKROOT; };
		0CC5B80CC1434310B02B61B1 /* CDVBattery.h */ = {isa = PBXFileReference; fileEncoding = 4; lastKnownFileType = sourcecode.c.h; name = CDVBattery.h; path = "cordova-plugin-battery-status/CDVBattery.h"; sourceTree = "<group>"; };
		1C4B0071209A4691AC44507B /* AddressBook.framework */ = {isa = PBXFileReference; fileEncoding = 4; lastKnownFileType = wrapper.framework; name = AddressBook.framework; path = System/Library/Frameworks/AddressBook.framework; sourceTree = SDKROOT; };
		1D3623240D0F684500981E51 /* AppDelegate.h */ = {isa = PBXFileReference; fileEncoding = 4; lastKnownFileType = sourcecode.c.h; path = AppDelegate.h; sourceTree = "<group>"; };
		1D3623250D0F684500981E51 /* AppDelegate.m */ = {isa = PBXFileReference; fileEncoding = 4; lastKnownFileType = sourcecode.c.objc; path = AppDelegate.m; sourceTree = "<group>"; };
		1D6058910D05DD3D006BFB54 /* 江苏地税掌上办税.app */ = {isa = PBXFileReference; explicitFileType = wrapper.application; includeInIndex = 0; path = "江苏地税掌上办税.app"; sourceTree = BUILT_PRODUCTS_DIR; };
		232A5D9D418E4753B3C393D7 /* ImageIO.framework */ = {isa = PBXFileReference; fileEncoding = 4; lastKnownFileType = wrapper.framework; name = ImageIO.framework; path = System/Library/Frameworks/ImageIO.framework; sourceTree = SDKROOT; };
		25EB94D9E47447388968C0A2 /* CoreLocation.framework */ = {isa = PBXFileReference; fileEncoding = 4; lastKnownFileType = wrapper.framework; name = CoreLocation.framework; path = System/Library/Frameworks/CoreLocation.framework; sourceTree = SDKROOT; };
		272C1110FBE643D9A9E4DC48 /* CDVBattery.m */ = {isa = PBXFileReference; fileEncoding = 4; lastKnownFileType = sourcecode.c.objc; name = CDVBattery.m; path = "cordova-plugin-battery-status/CDVBattery.m"; sourceTree = "<group>"; };
		288765FC0DF74451002DB57D /* CoreGraphics.framework */ = {isa = PBXFileReference; lastKnownFileType = wrapper.framework; name = CoreGraphics.framework; path = System/Library/Frameworks/CoreGraphics.framework; sourceTree = SDKROOT; };
		295CBC9879184A04BDBF1C74 /* UIImage+CropScaleOrientation.h */ = {isa = PBXFileReference; fileEncoding = 4; lastKnownFileType = sourcecode.c.h; name = "UIImage+CropScaleOrientation.h"; path = "cordova-plugin-camera/UIImage+CropScaleOrientation.h"; sourceTree = "<group>"; };
		29B97316FDCFA39411CA2CEA /* main.m */ = {isa = PBXFileReference; fileEncoding = 4; lastKnownFileType = sourcecode.c.objc; path = main.m; sourceTree = "<group>"; };
		2CC7A9D334804685B088540C /* CDVCapture.bundle */ = {isa = PBXFileReference; lastKnownFileType = "wrapper.plug-in"; path = CDVCapture.bundle; sourceTree = "<group>"; };
		2D781D479F4E410F918CE09C /* CDVAccelerometer.h */ = {isa = PBXFileReference; fileEncoding = 4; lastKnownFileType = sourcecode.c.h; name = CDVAccelerometer.h; path = "cordova-plugin-device-motion/CDVAccelerometer.h"; sourceTree = "<group>"; };
		2FEDD98B6D424FF5953E46F1 /* CDVContact.h */ = {isa = PBXFileReference; fileEncoding = 4; lastKnownFileType = sourcecode.c.h; name = CDVContact.h; path = "cordova-plugin-contacts/CDVContact.h"; sourceTree = "<group>"; };
		301BF52D109A57CC0062928A /* CordovaLib.xcodeproj */ = {isa = PBXFileReference; lastKnownFileType = "wrapper.pb-project"; name = CordovaLib.xcodeproj; path = CordovaLib/CordovaLib.xcodeproj; sourceTree = "<group>"; };
		301BF56E109A69640062928A /* www */ = {isa = PBXFileReference; lastKnownFileType = folder; path = www; sourceTree = SOURCE_ROOT; };
		302D95EE14D2391D003F00A1 /* MainViewController.h */ = {isa = PBXFileReference; fileEncoding = 4; lastKnownFileType = sourcecode.c.h; path = MainViewController.h; sourceTree = "<group>"; };
		302D95EF14D2391D003F00A1 /* MainViewController.m */ = {isa = PBXFileReference; fileEncoding = 4; lastKnownFileType = sourcecode.c.objc; path = MainViewController.m; sourceTree = "<group>"; };
		302D95F014D2391D003F00A1 /* MainViewController.xib */ = {isa = PBXFileReference; fileEncoding = 4; lastKnownFileType = file.xib; path = MainViewController.xib; sourceTree = "<group>"; };
		305D5FD0115AB8F900A74A75 /* MobileCoreServices.framework */ = {isa = PBXFileReference; lastKnownFileType = wrapper.framework; name = MobileCoreServices.framework; path = System/Library/Frameworks/MobileCoreServices.framework; sourceTree = SDKROOT; };
		3088BBB7154F3926009F9C59 /* Default-Landscape@2x~ipad.png */ = {isa = PBXFileReference; lastKnownFileType = image.png; path = "Default-Landscape@2x~ipad.png"; sourceTree = "<group>"; };
		3088BBB8154F3926009F9C59 /* Default-Landscape~ipad.png */ = {isa = PBXFileReference; lastKnownFileType = image.png; path = "Default-Landscape~ipad.png"; sourceTree = "<group>"; };
		3088BBB9154F3926009F9C59 /* Default-Portrait@2x~ipad.png */ = {isa = PBXFileReference; lastKnownFileType = image.png; path = "Default-Portrait@2x~ipad.png"; sourceTree = "<group>"; };
		3088BBBA154F3926009F9C59 /* Default-Portrait~ipad.png */ = {isa = PBXFileReference; lastKnownFileType = image.png; path = "Default-Portrait~ipad.png"; sourceTree = "<group>"; };
		3088BBBB154F3926009F9C59 /* Default@2x~iphone.png */ = {isa = PBXFileReference; lastKnownFileType = image.png; path = "Default@2x~iphone.png"; sourceTree = "<group>"; };
		3088BBBC154F3926009F9C59 /* Default~iphone.png */ = {isa = PBXFileReference; lastKnownFileType = image.png; path = "Default~iphone.png"; sourceTree = "<group>"; };
		308D052E1370CCF300D202BF /* icon-72.png */ = {isa = PBXFileReference; lastKnownFileType = image.png; path = "icon-72.png"; sourceTree = "<group>"; };
		308D052F1370CCF300D202BF /* icon.png */ = {isa = PBXFileReference; lastKnownFileType = image.png; path = icon.png; sourceTree = "<group>"; };
		308D05301370CCF300D202BF /* icon@2x.png */ = {isa = PBXFileReference; lastKnownFileType = image.png; path = "icon@2x.png"; sourceTree = "<group>"; };
		30B4F2FD19D5E07200D9F7D8 /* Default-667h.png */ = {isa = PBXFileReference; lastKnownFileType = image.png; path = "Default-667h.png"; sourceTree = "<group>"; };
		30B4F2FE19D5E07200D9F7D8 /* Default-736h.png */ = {isa = PBXFileReference; lastKnownFileType = image.png; path = "Default-736h.png"; sourceTree = "<group>"; };
		30B4F2FF19D5E07200D9F7D8 /* Default-Landscape-736h.png */ = {isa = PBXFileReference; lastKnownFileType = image.png; path = "Default-Landscape-736h.png"; sourceTree = "<group>"; };
		30C1856519D5FC0A00212699 /* icon-60@3x.png */ = {isa = PBXFileReference; lastKnownFileType = image.png; path = "icon-60@3x.png"; sourceTree = "<group>"; };
		30FC414816E50CA1004E6F35 /* icon-72@2x.png */ = {isa = PBXFileReference; lastKnownFileType = image.png; path = "icon-72@2x.png"; sourceTree = "<group>"; };
		32CA4F630368D1EE00C91783 /* appIOS-Prefix.pch */ = {isa = PBXFileReference; fileEncoding = 4; lastKnownFileType = sourcecode.c.h; path = "appIOS-Prefix.pch"; sourceTree = "<group>"; };
		3DEAE5B115954F979047EFF6 /* CoreVideo.framework */ = {isa = PBXFileReference; fileEncoding = 4; lastKnownFileType = wrapper.framework; name = CoreVideo.framework; path = System/Library/Frameworks/CoreVideo.framework; sourceTree = SDKROOT; };
		3DFA626408A941F49AF2D9A4 /* CDVDevice.h */ = {isa = PBXFileReference; fileEncoding = 4; lastKnownFileType = sourcecode.c.h; name = CDVDevice.h; path = "cordova-plugin-device/CDVDevice.h"; sourceTree = "<group>"; };
		3FF5C9D4E01A4D5984EC48FA /* CDVStatusBar.m */ = {isa = PBXFileReference; fileEncoding = 4; lastKnownFileType = sourcecode.c.objc; name = CDVStatusBar.m; path = "cordova-plugin-statusbar/CDVStatusBar.m"; sourceTree = "<group>"; };
		4B597440BB064D41A210C460 /* CDVConnection.h */ = {isa = PBXFileReference; fileEncoding = 4; lastKnownFileType = sourcecode.c.h; name = CDVConnection.h; path = "cordova-plugin-network-information/CDVConnection.h"; sourceTree = "<group>"; };
		5104F481CFF043889F5DFAA0 /* CDVViewController+SplashScreen.h */ = {isa = PBXFileReference; fileEncoding = 4; lastKnownFileType = sourcecode.c.h; name = "CDVViewController+SplashScreen.h"; path = "cordova-plugin-splashscreen/CDVViewController+SplashScreen.h"; sourceTree = "<group>"; };
		521BF6849F72413DA99419D7 /* CDVReachability.h */ = {isa = PBXFileReference; fileEncoding = 4; lastKnownFileType = sourcecode.c.h; name = CDVReachability.h; path = "cordova-plugin-network-information/CDVReachability.h"; sourceTree = "<group>"; };
		5383B7085AD34AB7959604E8 /* CDVLocalFilesystem.m */ = {isa = PBXFileReference; fileEncoding = 4; lastKnownFileType = sourcecode.c.objc; name = CDVLocalFilesystem.m; path = "cordova-plugin-file/CDVLocalFilesystem.m"; sourceTree = "<group>"; };
		560B99FD89524AC69777DDCE /* CDVContacts.h */ = {isa = PBXFileReference; fileEncoding = 4; lastKnownFileType = sourcecode.c.h; name = CDVContacts.h; path = "cordova-plugin-contacts/CDVContacts.h"; sourceTree = "<group>"; };
		5A23C797361C425C88606372 /* CDVCamera.m */ = {isa = PBXFileReference; fileEncoding = 4; lastKnownFileType = sourcecode.c.objc; name = CDVCamera.m; path = "cordova-plugin-camera/CDVCamera.m"; sourceTree = "<group>"; };
		5B1594DC16A7569C00FEF299 /* AssetsLibrary.framework */ = {isa = PBXFileReference; lastKnownFileType = wrapper.framework; name = AssetsLibrary.framework; path = System/Library/Frameworks/AssetsLibrary.framework; sourceTree = SDKROOT; };
		5B6B286267CB4E52A1A24B27 /* CDVFile.m */ = {isa = PBXFileReference; fileEncoding = 4; lastKnownFileType = sourcecode.c.objc; name = CDVFile.m; path = "cordova-plugin-file/CDVFile.m"; sourceTree = "<group>"; };
		5EF135B9C5464DBE98F4EB4A /* CDVVibration.h */ = {isa = PBXFileReference; fileEncoding = 4; lastKnownFileType = sourcecode.c.h; name = CDVVibration.h; path = "cordova-plugin-vibration/CDVVibration.h"; sourceTree = "<group>"; };
		60B1B0C6326F4234AB2FB0EE /* CDVSplashScreen.m */ = {isa = PBXFileReference; fileEncoding = 4; lastKnownFileType = sourcecode.c.objc; name = CDVSplashScreen.m; path = "cordova-plugin-splashscreen/CDVSplashScreen.m"; sourceTree = "<group>"; };
		612159B778A8464FB1CB7CCD /* CDVJpegHeaderWriter.h */ = {isa = PBXFileReference; fileEncoding = 4; lastKnownFileType = sourcecode.c.h; name = CDVJpegHeaderWriter.h; path = "cordova-plugin-camera/CDVJpegHeaderWriter.h"; sourceTree = "<group>"; };
		644B925EC8AF435A901499AD /* CDVInAppBrowser.m */ = {isa = PBXFileReference; fileEncoding = 4; lastKnownFileType = sourcecode.c.objc; name = CDVInAppBrowser.m; path = "cordova-plugin-inappbrowser/CDVInAppBrowser.m"; sourceTree = "<group>"; };
		68B1A5F221184E55B874F497 /* CDVLocation.m */ = {isa = PBXFileReference; fileEncoding = 4; lastKnownFileType = sourcecode.c.objc; name = CDVLocation.m; path = "cordova-plugin-geolocation/CDVLocation.m"; sourceTree = "<group>"; };
		69AC6F389B82444BAA9CF11E /* CDVViewController+SplashScreen.m */ = {isa = PBXFileReference; fileEncoding = 4; lastKnownFileType = sourcecode.c.objc; name = "CDVViewController+SplashScreen.m"; path = "cordova-plugin-splashscreen/CDVViewController+SplashScreen.m"; sourceTree = "<group>"; };
		723848832D86422482EB0E54 /* CDVVibration.m */ = {isa = PBXFileReference; fileEncoding = 4; lastKnownFileType = sourcecode.c.objc; name = CDVVibration.m; path = "cordova-plugin-vibration/CDVVibration.m"; sourceTree = "<group>"; };
		747AAEED27B144B0B22472A9 /* CDVFile.h */ = {isa = PBXFileReference; fileEncoding = 4; lastKnownFileType = sourcecode.c.h; name = CDVFile.h; path = "cordova-plugin-file/CDVFile.h"; sourceTree = "<group>"; };
		77050CF28F4249E9B698A96D /* CDVLocalFilesystem.h */ = {isa = PBXFileReference; fileEncoding = 4; lastKnownFileType = sourcecode.c.h; name = CDVLocalFilesystem.h; path = "cordova-plugin-file/CDVLocalFilesystem.h"; sourceTree = "<group>"; };
		77F25CD4167046DE9503FA4C /* CDVSound.h */ = {isa = PBXFileReference; fileEncoding = 4; lastKnownFileType = sourcecode.c.h; name = CDVSound.h; path = "cordova-plugin-media/CDVSound.h"; sourceTree = "<group>"; };
		78EB88F4C1264D46B627BB3B /* CDVStatusBar.h */ = {isa = PBXFileReference; fileEncoding = 4; lastKnownFileType = sourcecode.c.h; name = CDVStatusBar.h; path = "cordova-plugin-statusbar/CDVStatusBar.h"; sourceTree = "<group>"; };
		7968E3B4477F43DA910575C4 /* CDVCapture.h */ = {isa = PBXFileReference; fileEncoding = 4; lastKnownFileType = sourcecode.c.h; name = CDVCapture.h; path = "cordova-plugin-media-capture/CDVCapture.h"; sourceTree = "<group>"; };
		7E7966D41810823500FA85AD /* icon-40.png */ = {isa = PBXFileReference; lastKnownFileType = image.png; path = "icon-40.png"; sourceTree = "<group>"; };
		7E7966D51810823500FA85AD /* icon-40@2x.png */ = {isa = PBXFileReference; lastKnownFileType = image.png; path = "icon-40@2x.png"; sourceTree = "<group>"; };
		7E7966D61810823500FA85AD /* icon-50.png */ = {isa = PBXFileReference; lastKnownFileType = image.png; path = "icon-50.png"; sourceTree = "<group>"; };
		7E7966D71810823500FA85AD /* icon-50@2x.png */ = {isa = PBXFileReference; lastKnownFileType = image.png; path = "icon-50@2x.png"; sourceTree = "<group>"; };
		7E7966D81810823500FA85AD /* icon-60.png */ = {isa = PBXFileReference; lastKnownFileType = image.png; path = "icon-60.png"; sourceTree = "<group>"; };
		7E7966D91810823500FA85AD /* icon-60@2x.png */ = {isa = PBXFileReference; lastKnownFileType = image.png; path = "icon-60@2x.png"; sourceTree = "<group>"; };
		7E7966DA1810823500FA85AD /* icon-76.png */ = {isa = PBXFileReference; lastKnownFileType = image.png; path = "icon-76.png"; sourceTree = "<group>"; };
		7E7966DB1810823500FA85AD /* icon-76@2x.png */ = {isa = PBXFileReference; lastKnownFileType = image.png; path = "icon-76@2x.png"; sourceTree = "<group>"; };
		7E7966DC1810823500FA85AD /* icon-small.png */ = {isa = PBXFileReference; lastKnownFileType = image.png; path = "icon-small.png"; sourceTree = "<group>"; };
		7E7966DD1810823500FA85AD /* icon-small@2x.png */ = {isa = PBXFileReference; lastKnownFileType = image.png; path = "icon-small@2x.png"; sourceTree = "<group>"; };
		7E7D7B58F887480D82473F63 /* AddressBookUI.framework */ = {isa = PBXFileReference; fileEncoding = 4; lastKnownFileType = wrapper.framework; name = AddressBookUI.framework; path = System/Library/Frameworks/AddressBookUI.framework; sourceTree = SDKROOT; };
		83E6ACE101404C1EB2862987 /* CDVJpegHeaderWriter.m */ = {isa = PBXFileReference; fileEncoding = 4; lastKnownFileType = sourcecode.c.objc; name = CDVJpegHeaderWriter.m; path = "cordova-plugin-camera/CDVJpegHeaderWriter.m"; sourceTree = "<group>"; };
		8444AA9F2059407EA103EEFD /* CDVCompass.h */ = {isa = PBXFileReference; fileEncoding = 4; lastKnownFileType = sourcecode.c.h; name = CDVCompass.h; path = "cordova-plugin-device-orientation/CDVCompass.h"; sourceTree = "<group>"; };
		8CF7E79CE763431796A92CA9 /* QuartzCore.framework */ = {isa = PBXFileReference; fileEncoding = 4; lastKnownFileType = wrapper.framework; name = QuartzCore.framework; path = System/Library/Frameworks/QuartzCore.framework; sourceTree = SDKROOT; };
		8D1107310486CEB800E47090 /* appIOS-Info.plist */ = {isa = PBXFileReference; fileEncoding = 4; lastKnownFileType = text.plist.xml; name = "appIOS-Info.plist"; path = "../appIOS-Info.plist"; plistStructureDefinitionIdentifier = "com.apple.xcode.plist.structure-definition.iphone.info-plist"; sourceTree = "<group>"; };
		8D9471EE1989490AB873C8A5 /* CDVReachability.m */ = {isa = PBXFileReference; fileEncoding = 4; lastKnownFileType = sourcecode.c.objc; name = CDVReachability.m; path = "cordova-plugin-network-information/CDVReachability.m"; sourceTree = "<group>"; };
		8EBBCB1970634D9CAFFC4DA5 /* CDVFileTransfer.m */ = {isa = PBXFileReference; fileEncoding = 4; lastKnownFileType = sourcecode.c.objc; name = CDVFileTransfer.m; path = "cordova-plugin-file-transfer/CDVFileTransfer.m"; sourceTree = "<group>"; };
		971B92FF674E459FAFB678D1 /* CDVBarcodeScanner.mm */ = {isa = PBXFileReference; fileEncoding = 4; lastKnownFileType = unknown; name = CDVBarcodeScanner.mm; path = "cordova-plugin-barcodescanner/CDVBarcodeScanner.mm"; sourceTree = "<group>"; };
		97BB11E4972E4BD38187E3D7 /* CDVAssetLibraryFilesystem.m */ = {isa = PBXFileReference; fileEncoding = 4; lastKnownFileType = sourcecode.c.objc; name = CDVAssetLibraryFilesystem.m; path = "cordova-plugin-file/CDVAssetLibraryFilesystem.m"; sourceTree = "<group>"; };
		9963A8005D624CE69A4414D8 /* CDVLogger.m */ = {isa = PBXFileReference; fileEncoding = 4; lastKnownFileType = sourcecode.c.objc; name = CDVLogger.m; path = "cordova-plugin-console/CDVLogger.m"; sourceTree = "<group>"; };
		9CA8EC8DD9004826B32C0D76 /* zxing-all-in-one.cpp */ = {isa = PBXFileReference; fileEncoding = 4; lastKnownFileType = unknown; name = "zxing-all-in-one.cpp"; path = "cordova-plugin-barcodescanner/zxing-all-in-one.cpp"; sourceTree = "<group>"; };
		9D1D1F699FFD4E088140D124 /* CDVSplashScreen.h */ = {isa = PBXFileReference; fileEncoding = 4; lastKnownFileType = sourcecode.c.h; name = CDVSplashScreen.h; path = "cordova-plugin-splashscreen/CDVSplashScreen.h"; sourceTree = "<group>"; };
		A353B04F737946688ABDE471 /* CDVAccelerometer.m */ = {isa = PBXFileReference; fileEncoding = 4; lastKnownFileType = sourcecode.c.objc; name = CDVAccelerometer.m; path = "cordova-plugin-device-motion/CDVAccelerometer.m"; sourceTree = "<group>"; };
		A530139461D544E3A2B3BFA6 /* CDVNotification.m */ = {isa = PBXFileReference; fileEncoding = 4; lastKnownFileType = sourcecode.c.objc; name = CDVNotification.m; path = "cordova-plugin-dialogs/CDVNotification.m"; sourceTree = "<group>"; };
		A5E5C128B75B40EC9BBE754B /* CDVCamera.h */ = {isa = PBXFileReference; fileEncoding = 4; lastKnownFileType = sourcecode.c.h; name = CDVCamera.h; path = "cordova-plugin-camera/CDVCamera.h"; sourceTree = "<group>"; };
		AD12DA9A06464FACAE67FA44 /* CDVFileTransfer.h */ = {isa = PBXFileReference; fileEncoding = 4; lastKnownFileType = sourcecode.c.h; name = CDVFileTransfer.h; path = "cordova-plugin-file-transfer/CDVFileTransfer.h"; sourceTree = "<group>"; };
		AD77F0DD4903405785F7C651 /* zxing-all-in-one.h */ = {isa = PBXFileReference; fileEncoding = 4; lastKnownFileType = sourcecode.c.h; name = "zxing-all-in-one.h"; path = "cordova-plugin-barcodescanner/zxing-all-in-one.h"; sourceTree = "<group>"; };
		B01C9FF00AA64D7C8B8746FE /* AudioToolbox.framework */ = {isa = PBXFileReference; fileEncoding = 4; lastKnownFileType = wrapper.framework; name = AudioToolbox.framework; path = System/Library/Frameworks/AudioToolbox.framework; sourceTree = SDKROOT; };
		B4E73AB264E64B85B51E541E /* AVFoundation.framework */ = {isa = PBXFileReference; fileEncoding = 4; lastKnownFileType = wrapper.framework; name = AVFoundation.framework; path = System/Library/Frameworks/AVFoundation.framework; sourceTree = SDKROOT; };
		B7250B6EA5BF4A49B1DB3C4F /* libiconv.dylib */ = {isa = PBXFileReference; fileEncoding = 4; lastKnownFileType = "compiled.mach-o.dylib"; name = libiconv.dylib; path = usr/lib/libiconv.dylib; sourceTree = SDKROOT; };
		BD12EF25141C4C3CBA52BFB0 /* CDVContact.m */ = {isa = PBXFileReference; fileEncoding = 4; lastKnownFileType = sourcecode.c.objc; name = CDVContact.m; path = "cordova-plugin-contacts/CDVContact.m"; sourceTree = "<group>"; };
		C00628EEF60E4BADB86E37C0 /* CDVNotification.bundle */ = {isa = PBXFileReference; lastKnownFileType = "wrapper.plug-in"; path = CDVNotification.bundle; sourceTree = "<group>"; };
		C789FEB1816E45EB98476940 /* CDVLocation.h */ = {isa = PBXFileReference; fileEncoding = 4; lastKnownFileType = sourcecode.c.h; name = CDVLocation.h; path = "cordova-plugin-geolocation/CDVLocation.h"; sourceTree = "<group>"; };
		C8968FA81B614ED887C3594B /* CDVSound.m */ = {isa = PBXFileReference; fileEncoding = 4; lastKnownFileType = sourcecode.c.objc; name = CDVSound.m; path = "cordova-plugin-media/CDVSound.m"; sourceTree = "<group>"; };
		CD2ABD9E41D94AA0AF0E5AF2 /* CDVExif.h */ = {isa = PBXFileReference; fileEncoding = 4; lastKnownFileType = sourcecode.c.h; name = CDVExif.h; path = "cordova-plugin-camera/CDVExif.h"; sourceTree = "<group>"; };
		CE1197C55FEF4661915CC87B /* scannerOverlay.xib */ = {isa = PBXFileReference; fileEncoding = 4; lastKnownFileType = file.xib; path = scannerOverlay.xib; sourceTree = "<group>"; };
		D056BD7D784C436BBBA74849 /* CDVConnection.m */ = {isa = PBXFileReference; fileEncoding = 4; lastKnownFileType = sourcecode.c.objc; name = CDVConnection.m; path = "cordova-plugin-network-information/CDVConnection.m"; sourceTree = "<group>"; };
		D4A0D8751607E02300AEF8BB /* Default-568h@2x~iphone.png */ = {isa = PBXFileReference; lastKnownFileType = image.png; path = "Default-568h@2x~iphone.png"; sourceTree = "<group>"; };
		D567FF939B7647AA89578192 /* CDVCompass.m */ = {isa = PBXFileReference; fileEncoding = 4; lastKnownFileType = sourcecode.c.objc; name = CDVCompass.m; path = "cordova-plugin-device-orientation/CDVCompass.m"; sourceTree = "<group>"; };
		E03A30D48A2E44D8BED75752 /* CDVCapture.m */ = {isa = PBXFileReference; fileEncoding = 4; lastKnownFileType = sourcecode.c.objc; name = CDVCapture.m; path = "cordova-plugin-media-capture/CDVCapture.m"; sourceTree = "<group>"; };
		E3A01938262848479C577D05 /* CDVNotification.h */ = {isa = PBXFileReference; fileEncoding = 4; lastKnownFileType = sourcecode.c.h; name = CDVNotification.h; path = "cordova-plugin-dialogs/CDVNotification.h"; sourceTree = "<group>"; };
		EB87FDF21871DA7A0020F90C /* merges */ = {isa = PBXFileReference; lastKnownFileType = folder; name = merges; path = ../../merges; sourceTree = "<group>"; };
		EB87FDF31871DA8E0020F90C /* www */ = {isa = PBXFileReference; lastKnownFileType = folder; name = www; path = ../../www; sourceTree = "<group>"; };
		EB87FDF41871DAF40020F90C /* config.xml */ = {isa = PBXFileReference; lastKnownFileType = text.xml; name = config.xml; path = ../../config.xml; sourceTree = "<group>"; };
		EDAFB2EB76E146EC82912C9E /* CDVContacts.m */ = {isa = PBXFileReference; fileEncoding = 4; lastKnownFileType = sourcecode.c.objc; name = CDVContacts.m; path = "cordova-plugin-contacts/CDVContacts.m"; sourceTree = "<group>"; };
		F840E1F0165FE0F500CFE078 /* config.xml */ = {isa = PBXFileReference; lastKnownFileType = text.xml; name = config.xml; path = appIOS/config.xml; sourceTree = "<group>"; };
		FAA6BF2005E9448D9B1B24A1 /* CDVDevice.m */ = {isa = PBXFileReference; fileEncoding = 4; lastKnownFileType = sourcecode.c.objc; name = CDVDevice.m; path = "cordova-plugin-device/CDVDevice.m"; sourceTree = "<group>"; };
		FC2B9732DE5344CDAEA4EDB9 /* UIImage+CropScaleOrientation.m */ = {isa = PBXFileReference; fileEncoding = 4; lastKnownFileType = sourcecode.c.objc; name = "UIImage+CropScaleOrientation.m"; path = "cordova-plugin-camera/UIImage+CropScaleOrientation.m"; sourceTree = "<group>"; };
		FDC433CB91354ED8AC062404 /* CDVAssetLibraryFilesystem.h */ = {isa = PBXFileReference; fileEncoding = 4; lastKnownFileType = sourcecode.c.h; name = CDVAssetLibraryFilesystem.h; path = "cordova-plugin-file/CDVAssetLibraryFilesystem.h"; sourceTree = "<group>"; };
		FF2F4E0BA237409EAA6AE5DD /* CoreMotion.framework */ = {isa = PBXFileReference; fileEncoding = 4; lastKnownFileType = wrapper.framework; name = CoreMotion.framework; path = System/Library/Frameworks/CoreMotion.framework; sourceTree = SDKROOT; };
/* End PBXFileReference section */

/* Begin PBXFrameworksBuildPhase section */
		1D60588F0D05DD3D006BFB54 /* Frameworks */ = {
			isa = PBXFrameworksBuildPhase;
			buildActionMask = 2147483647;
			files = (
				5B1594DD16A7569C00FEF299 /* AssetsLibrary.framework in Frameworks */,
				301BF552109A68D80062928A /* libCordova.a in Frameworks */,
				288765FD0DF74451002DB57D /* CoreGraphics.framework in Frameworks */,
				305D5FD1115AB8F900A74A75 /* MobileCoreServices.framework in Frameworks */,
				72FC74B8FB0F4CA0969451D2 /* ImageIO.framework in Frameworks */,
				246B41322B604638A3465225 /* CoreLocation.framework in Frameworks */,
				F5CCE20499FF42E887CB163D /* AVFoundation.framework in Frameworks */,
				7D322ABAB9B248B0B5CFC9FF /* AddressBook.framework in Frameworks */,
				6B39DB93321F4D23A6C26172 /* AddressBookUI.framework in Frameworks */,
				BACA9A86116E439C8EED70B4 /* CoreMotion.framework in Frameworks */,
				BDAF0D37309749EB8994C3DF /* AudioToolbox.framework in Frameworks */,
				A0B8B0B94BA64CDF9CC1EF33 /* SystemConfiguration.framework in Frameworks */,
				9B2F5C93768D40D69F95DC5C /* libiconv.dylib in Frameworks */,
				B6BF04CFC55D4E4499CD4E59 /* CoreVideo.framework in Frameworks */,
				5F73F1A3CD434F17B5A16B96 /* QuartzCore.framework in Frameworks */,
			);
			runOnlyForDeploymentPostprocessing = 0;
		};
/* End PBXFrameworksBuildPhase section */

/* Begin PBXGroup section */
		080E96DDFE201D6D7F000001 /* Classes */ = {
			isa = PBXGroup;
			children = (
				302D95EE14D2391D003F00A1 /* MainViewController.h */,
				302D95EF14D2391D003F00A1 /* MainViewController.m */,
				302D95F014D2391D003F00A1 /* MainViewController.xib */,
				1D3623240D0F684500981E51 /* AppDelegate.h */,
				1D3623250D0F684500981E51 /* AppDelegate.m */,
			);
			name = Classes;
			path = appIOS/Classes;
			sourceTree = SOURCE_ROOT;
		};
		19C28FACFE9D520D11CA2CBB /* Products */ = {
			isa = PBXGroup;
			children = (
				1D6058910D05DD3D006BFB54 /* 江苏地税掌上办税.app */,
			);
			name = Products;
			sourceTree = "<group>";
		};
		29B97314FDCFA39411CA2CEA /* CustomTemplate */ = {
			isa = PBXGroup;
			children = (
				EB87FDF41871DAF40020F90C /* config.xml */,
				EB87FDF31871DA8E0020F90C /* www */,
				EB87FDF21871DA7A0020F90C /* merges */,
				EB87FDF11871DA420020F90C /* Staging */,
				301BF52D109A57CC0062928A /* CordovaLib.xcodeproj */,
				080E96DDFE201D6D7F000001 /* Classes */,
				307C750510C5A3420062BCA9 /* Plugins */,
				29B97315FDCFA39411CA2CEA /* Other Sources */,
				29B97317FDCFA39411CA2CEA /* Resources */,
				29B97323FDCFA39411CA2CEA /* Frameworks */,
				19C28FACFE9D520D11CA2CBB /* Products */,
			);
			name = CustomTemplate;
			sourceTree = "<group>";
		};
		29B97315FDCFA39411CA2CEA /* Other Sources */ = {
			isa = PBXGroup;
			children = (
				32CA4F630368D1EE00C91783 /* appIOS-Prefix.pch */,
				29B97316FDCFA39411CA2CEA /* main.m */,
			);
			name = "Other Sources";
			path = appIOS;
			sourceTree = "<group>";
		};
		29B97317FDCFA39411CA2CEA /* Resources */ = {
			isa = PBXGroup;
			children = (
				308D052D1370CCF300D202BF /* icons */,
				308D05311370CCF300D202BF /* splash */,
				8D1107310486CEB800E47090 /* appIOS-Info.plist */,
				C00628EEF60E4BADB86E37C0 /* CDVNotification.bundle */,
				2CC7A9D334804685B088540C /* CDVCapture.bundle */,
				CE1197C55FEF4661915CC87B /* scannerOverlay.xib */,
			);
			name = Resources;
			path = appIOS/Resources;
			sourceTree = "<group>";
		};
		29B97323FDCFA39411CA2CEA /* Frameworks */ = {
			isa = PBXGroup;
			children = (
				5B1594DC16A7569C00FEF299 /* AssetsLibrary.framework */,
				288765FC0DF74451002DB57D /* CoreGraphics.framework */,
				305D5FD0115AB8F900A74A75 /* MobileCoreServices.framework */,
				232A5D9D418E4753B3C393D7 /* ImageIO.framework */,
				25EB94D9E47447388968C0A2 /* CoreLocation.framework */,
				B4E73AB264E64B85B51E541E /* AVFoundation.framework */,
				1C4B0071209A4691AC44507B /* AddressBook.framework */,
				7E7D7B58F887480D82473F63 /* AddressBookUI.framework */,
				FF2F4E0BA237409EAA6AE5DD /* CoreMotion.framework */,
				B01C9FF00AA64D7C8B8746FE /* AudioToolbox.framework */,
				0B65B33749C249BBB9AA8496 /* SystemConfiguration.framework */,
				B7250B6EA5BF4A49B1DB3C4F /* libiconv.dylib */,
				3DEAE5B115954F979047EFF6 /* CoreVideo.framework */,
				8CF7E79CE763431796A92CA9 /* QuartzCore.framework */,
			);
			name = Frameworks;
			sourceTree = "<group>";
		};
		301BF52E109A57CC0062928A /* Products */ = {
			isa = PBXGroup;
			children = (
				301BF535109A57CC0062928A /* libCordova.a */,
			);
			name = Products;
			sourceTree = "<group>";
		};
		307C750510C5A3420062BCA9 /* Plugins */ = {
			isa = PBXGroup;
			children = (
				FC2B9732DE5344CDAEA4EDB9 /* UIImage+CropScaleOrientation.m */,
				5A23C797361C425C88606372 /* CDVCamera.m */,
				83E6ACE101404C1EB2862987 /* CDVJpegHeaderWriter.m */,
				295CBC9879184A04BDBF1C74 /* UIImage+CropScaleOrientation.h */,
				A5E5C128B75B40EC9BBE754B /* CDVCamera.h */,
				612159B778A8464FB1CB7CCD /* CDVJpegHeaderWriter.h */,
				CD2ABD9E41D94AA0AF0E5AF2 /* CDVExif.h */,
				272C1110FBE643D9A9E4DC48 /* CDVBattery.m */,
				0CC5B80CC1434310B02B61B1 /* CDVBattery.h */,
				9963A8005D624CE69A4414D8 /* CDVLogger.m */,
				04DE82485DD749AD9E553421 /* CDVLogger.h */,
				EDAFB2EB76E146EC82912C9E /* CDVContacts.m */,
				BD12EF25141C4C3CBA52BFB0 /* CDVContact.m */,
				560B99FD89524AC69777DDCE /* CDVContacts.h */,
				2FEDD98B6D424FF5953E46F1 /* CDVContact.h */,
				FAA6BF2005E9448D9B1B24A1 /* CDVDevice.m */,
				3DFA626408A941F49AF2D9A4 /* CDVDevice.h */,
				A353B04F737946688ABDE471 /* CDVAccelerometer.m */,
				2D781D479F4E410F918CE09C /* CDVAccelerometer.h */,
				D567FF939B7647AA89578192 /* CDVCompass.m */,
				8444AA9F2059407EA103EEFD /* CDVCompass.h */,
				A530139461D544E3A2B3BFA6 /* CDVNotification.m */,
				E3A01938262848479C577D05 /* CDVNotification.h */,
				5B6B286267CB4E52A1A24B27 /* CDVFile.m */,
				5383B7085AD34AB7959604E8 /* CDVLocalFilesystem.m */,
				97BB11E4972E4BD38187E3D7 /* CDVAssetLibraryFilesystem.m */,
				747AAEED27B144B0B22472A9 /* CDVFile.h */,
				77050CF28F4249E9B698A96D /* CDVLocalFilesystem.h */,
				FDC433CB91354ED8AC062404 /* CDVAssetLibraryFilesystem.h */,
				8EBBCB1970634D9CAFFC4DA5 /* CDVFileTransfer.m */,
				AD12DA9A06464FACAE67FA44 /* CDVFileTransfer.h */,
				68B1A5F221184E55B874F497 /* CDVLocation.m */,
				C789FEB1816E45EB98476940 /* CDVLocation.h */,
				644B925EC8AF435A901499AD /* CDVInAppBrowser.m */,
				061B0972632F407CA8A2B2B9 /* CDVInAppBrowser.h */,
				C8968FA81B614ED887C3594B /* CDVSound.m */,
				77F25CD4167046DE9503FA4C /* CDVSound.h */,
				E03A30D48A2E44D8BED75752 /* CDVCapture.m */,
				7968E3B4477F43DA910575C4 /* CDVCapture.h */,
				D056BD7D784C436BBBA74849 /* CDVConnection.m */,
				8D9471EE1989490AB873C8A5 /* CDVReachability.m */,
				4B597440BB064D41A210C460 /* CDVConnection.h */,
				521BF6849F72413DA99419D7 /* CDVReachability.h */,
				60B1B0C6326F4234AB2FB0EE /* CDVSplashScreen.m */,
				69AC6F389B82444BAA9CF11E /* CDVViewController+SplashScreen.m */,
				9D1D1F699FFD4E088140D124 /* CDVSplashScreen.h */,
				5104F481CFF043889F5DFAA0 /* CDVViewController+SplashScreen.h */,
				3FF5C9D4E01A4D5984EC48FA /* CDVStatusBar.m */,
				78EB88F4C1264D46B627BB3B /* CDVStatusBar.h */,
				723848832D86422482EB0E54 /* CDVVibration.m */,
				5EF135B9C5464DBE98F4EB4A /* CDVVibration.h */,
				971B92FF674E459FAFB678D1 /* CDVBarcodeScanner.mm */,
				9CA8EC8DD9004826B32C0D76 /* zxing-all-in-one.cpp */,
				AD77F0DD4903405785F7C651 /* zxing-all-in-one.h */,
			);
			name = Plugins;
			path = appIOS/Plugins;
			sourceTree = SOURCE_ROOT;
		};
		308D052D1370CCF300D202BF /* icons */ = {
			isa = PBXGroup;
			children = (
				30C1856519D5FC0A00212699 /* icon-60@3x.png */,
				7E7966D41810823500FA85AD /* icon-40.png */,
				7E7966D51810823500FA85AD /* icon-40@2x.png */,
				7E7966D61810823500FA85AD /* icon-50.png */,
				7E7966D71810823500FA85AD /* icon-50@2x.png */,
				7E7966D81810823500FA85AD /* icon-60.png */,
				7E7966D91810823500FA85AD /* icon-60@2x.png */,
				7E7966DA1810823500FA85AD /* icon-76.png */,
				7E7966DB1810823500FA85AD /* icon-76@2x.png */,
				7E7966DC1810823500FA85AD /* icon-small.png */,
				7E7966DD1810823500FA85AD /* icon-small@2x.png */,
				30FC414816E50CA1004E6F35 /* icon-72@2x.png */,
				308D052E1370CCF300D202BF /* icon-72.png */,
				308D052F1370CCF300D202BF /* icon.png */,
				308D05301370CCF300D202BF /* icon@2x.png */,
			);
			path = icons;
			sourceTree = "<group>";
		};
		308D05311370CCF300D202BF /* splash */ = {
			isa = PBXGroup;
			children = (
				30B4F2FD19D5E07200D9F7D8 /* Default-667h.png */,
				30B4F2FE19D5E07200D9F7D8 /* Default-736h.png */,
				30B4F2FF19D5E07200D9F7D8 /* Default-Landscape-736h.png */,
				D4A0D8751607E02300AEF8BB /* Default-568h@2x~iphone.png */,
				3088BBB7154F3926009F9C59 /* Default-Landscape@2x~ipad.png */,
				3088BBB8154F3926009F9C59 /* Default-Landscape~ipad.png */,
				3088BBB9154F3926009F9C59 /* Default-Portrait@2x~ipad.png */,
				3088BBBA154F3926009F9C59 /* Default-Portrait~ipad.png */,
				3088BBBB154F3926009F9C59 /* Default@2x~iphone.png */,
				3088BBBC154F3926009F9C59 /* Default~iphone.png */,
			);
			path = splash;
			sourceTree = "<group>";
		};
		EB87FDF11871DA420020F90C /* Staging */ = {
			isa = PBXGroup;
			children = (
				F840E1F0165FE0F500CFE078 /* config.xml */,
				301BF56E109A69640062928A /* www */,
			);
			name = Staging;
			sourceTree = "<group>";
		};
/* End PBXGroup section */

/* Begin PBXNativeTarget section */
		1D6058900D05DD3D006BFB54 /* appIOS */ = {
			isa = PBXNativeTarget;
			buildConfigurationList = 1D6058960D05DD3E006BFB54 /* Build configuration list for PBXNativeTarget "appIOS" */;
			buildPhases = (
				304B58A110DAC018002A0835 /* Copy www directory */,
				1D60588D0D05DD3D006BFB54 /* Resources */,
				1D60588E0D05DD3D006BFB54 /* Sources */,
				1D60588F0D05DD3D006BFB54 /* Frameworks */,
			);
			buildRules = (
			);
			dependencies = (
				301BF551109A68C00062928A /* PBXTargetDependency */,
			);
			name = appIOS;
			productName = appIOS;
			productReference = 1D6058910D05DD3D006BFB54 /* 江苏地税掌上办税.app */;
			productType = "com.apple.product-type.application";
		};
/* End PBXNativeTarget section */

/* Begin PBXProject section */
		29B97313FDCFA39411CA2CEA /* Project object */ = {
			isa = PBXProject;
			attributes = {
				LastUpgradeCheck = 510;
				TargetAttributes = {
					1D6058900D05DD3D006BFB54 = {
						DevelopmentTeam = 9H8BCT48B9;
					};
				};
			};
			buildConfigurationList = C01FCF4E08A954540054247B /* Build configuration list for PBXProject "appIOS" */;
			compatibilityVersion = "Xcode 3.2";
			developmentRegion = English;
			hasScannedForEncodings = 1;
			knownRegions = (
				English,
				Japanese,
				French,
				German,
				en,
				es,
				de,
				se,
			);
			mainGroup = 29B97314FDCFA39411CA2CEA /* CustomTemplate */;
			projectDirPath = "";
			projectReferences = (
				{
					ProductGroup = 301BF52E109A57CC0062928A /* Products */;
					ProjectRef = 301BF52D109A57CC0062928A /* CordovaLib.xcodeproj */;
				},
			);
			projectRoot = "";
			targets = (
				1D6058900D05DD3D006BFB54 /* appIOS */,
			);
		};
/* End PBXProject section */

/* Begin PBXReferenceProxy section */
		301BF535109A57CC0062928A /* libCordova.a */ = {
			isa = PBXReferenceProxy;
			fileType = archive.ar;
			path = libCordova.a;
			remoteRef = 301BF534109A57CC0062928A /* PBXContainerItemProxy */;
			sourceTree = BUILT_PRODUCTS_DIR;
		};
/* End PBXReferenceProxy section */

/* Begin PBXResourcesBuildPhase section */
		1D60588D0D05DD3D006BFB54 /* Resources */ = {
			isa = PBXResourcesBuildPhase;
			buildActionMask = 2147483647;
			files = (
				7E7966E41810823500FA85AD /* icon-76.png in Resources */,
				7E7966DF1810823500FA85AD /* icon-40@2x.png in Resources */,
				308D05371370CCF300D202BF /* icon-72.png in Resources */,
				30B4F30119D5E07200D9F7D8 /* Default-736h.png in Resources */,
				308D05381370CCF300D202BF /* icon.png in Resources */,
				308D05391370CCF300D202BF /* icon@2x.png in Resources */,
				302D95F214D2391D003F00A1 /* MainViewController.xib in Resources */,
				7E7966E01810823500FA85AD /* icon-50.png in Resources */,
				7E7966E31810823500FA85AD /* icon-60@2x.png in Resources */,
				7E7966E61810823500FA85AD /* icon-small.png in Resources */,
				3088BBBD154F3926009F9C59 /* Default-Landscape@2x~ipad.png in Resources */,
				3088BBBE154F3926009F9C59 /* Default-Landscape~ipad.png in Resources */,
				3088BBBF154F3926009F9C59 /* Default-Portrait@2x~ipad.png in Resources */,
				7E7966E71810823500FA85AD /* icon-small@2x.png in Resources */,
				3088BBC0154F3926009F9C59 /* Default-Portrait~ipad.png in Resources */,
				30B4F30019D5E07200D9F7D8 /* Default-667h.png in Resources */,
				7E7966DE1810823500FA85AD /* icon-40.png in Resources */,
				3088BBC1154F3926009F9C59 /* Default@2x~iphone.png in Resources */,
				7E7966E21810823500FA85AD /* icon-60.png in Resources */,
				3088BBC2154F3926009F9C59 /* Default~iphone.png in Resources */,
				D4A0D8761607E02300AEF8BB /* Default-568h@2x~iphone.png in Resources */,
				30B4F30219D5E07200D9F7D8 /* Default-Landscape-736h.png in Resources */,
				30C1856619D5FC0A00212699 /* icon-60@3x.png in Resources */,
				7E7966E11810823500FA85AD /* icon-50@2x.png in Resources */,
				7E7966E51810823500FA85AD /* icon-76@2x.png in Resources */,
				30FC414916E50CA1004E6F35 /* icon-72@2x.png in Resources */,
				33B73D86D3E84EE59CF90C5D /* CDVNotification.bundle in Resources */,
				9EA0D811F1A84E43A9416BF2 /* CDVCapture.bundle in Resources */,
				57FE06F511074C0F8971215E /* scannerOverlay.xib in Resources */,
			);
			runOnlyForDeploymentPostprocessing = 0;
		};
/* End PBXResourcesBuildPhase section */

/* Begin PBXShellScriptBuildPhase section */
		304B58A110DAC018002A0835 /* Copy www directory */ = {
			isa = PBXShellScriptBuildPhase;
			buildActionMask = 2147483647;
			files = (
			);
			inputPaths = (
			);
			name = "Copy www directory";
			outputPaths = (
			);
			runOnlyForDeploymentPostprocessing = 0;
			shellPath = /bin/sh;
			shellScript = "NODEJS_PATH=/usr/local/bin; NVM_NODE_PATH=~/.nvm/versions/node/`nvm version 2>/dev/null`/bin; N_NODE_PATH=`find /usr/local/n/versions/node/* -maxdepth 0 -type d 2>/dev/null | tail -1`/bin; XCODE_NODE_PATH=`xcode-select --print-path`/usr/share/xcs/Node/bin; PATH=$NODEJS_PATH:$NVM_NODE_PATH:$N_NODE_PATH:$XCODE_NODE_PATH:$PATH && node cordova/lib/copy-www-build-step.js";
			showEnvVarsInLog = 0;
		};
/* End PBXShellScriptBuildPhase section */

/* Begin PBXSourcesBuildPhase section */
		1D60588E0D05DD3D006BFB54 /* Sources */ = {
			isa = PBXSourcesBuildPhase;
			buildActionMask = 2147483647;
			files = (
				1D60589B0D05DD56006BFB54 /* main.m in Sources */,
				1D3623260D0F684500981E51 /* AppDelegate.m in Sources */,
				302D95F114D2391D003F00A1 /* MainViewController.m in Sources */,
				0D6196788F494F6599254B1D /* UIImage+CropScaleOrientation.m in Sources */,
				647E57A6794944C0B40F597B /* CDVCamera.m in Sources */,
				AB191DA52FC347719440154F /* CDVJpegHeaderWriter.m in Sources */,
				7E7980BCBF0849C0A721E63B /* CDVBattery.m in Sources */,
				E3CE6645FAF842CB84586BDB /* CDVLogger.m in Sources */,
				8444114195994C2C892AED76 /* CDVContacts.m in Sources */,
				36AC3FCC3C934A19A71FFFE9 /* CDVContact.m in Sources */,
				31821FB69A1C40F6AEC16236 /* CDVDevice.m in Sources */,
				656769CC3F1943AD8C17EED2 /* CDVAccelerometer.m in Sources */,
				570613177C104E49916C6C67 /* CDVCompass.m in Sources */,
				AF41459012AD417D8C5750AF /* CDVNotification.m in Sources */,
				2CA70A9F591243A3A08B8A18 /* CDVFile.m in Sources */,
				2000E364B86A437B97BAF865 /* CDVLocalFilesystem.m in Sources */,
				247ABBE68DE64AA2A94B60F8 /* CDVAssetLibraryFilesystem.m in Sources */,
				A47B4BF61BD748C3A51E58C6 /* CDVFileTransfer.m in Sources */,
				0BEEC6069A4F40A1B9ADB2AF /* CDVLocation.m in Sources */,
				18CD624672B845C781A1CE38 /* CDVInAppBrowser.m in Sources */,
				1C5631AB840541DA88007005 /* CDVSound.m in Sources */,
				F3D8CFA7DE55475B9D25F33A /* CDVCapture.m in Sources */,
				22F1F54F1C6540F5BB3287DD /* CDVConnection.m in Sources */,
				D8FA57039D8542F1860CA74A /* CDVReachability.m in Sources */,
				A9A7951568B94830A4D0240C /* CDVSplashScreen.m in Sources */,
				715A62B178314FCA9FF47660 /* CDVViewController+SplashScreen.m in Sources */,
				13D0DFA9297E4EB8AC338F70 /* CDVStatusBar.m in Sources */,
				76E16642DC4C468CBE9D2D74 /* CDVVibration.m in Sources */,
				ABD0DB113F604EB8873AC2C1 /* CDVBarcodeScanner.mm in Sources */,
				F3C724E00B244FAEAF7BA32B /* zxing-all-in-one.cpp in Sources */,
			);
			runOnlyForDeploymentPostprocessing = 0;
		};
/* End PBXSourcesBuildPhase section */

/* Begin PBXTargetDependency section */
		301BF551109A68C00062928A /* PBXTargetDependency */ = {
			isa = PBXTargetDependency;
			name = CordovaLib;
			targetProxy = 301BF550109A68C00062928A /* PBXContainerItemProxy */;
		};
/* End PBXTargetDependency section */

/* Begin XCBuildConfiguration section */
		1D6058940D05DD3E006BFB54 /* Debug */ = {
			isa = XCBuildConfiguration;
			buildSettings = {
				ALWAYS_SEARCH_USER_PATHS = NO;
				CLANG_ENABLE_OBJC_ARC = YES;
				CODE_SIGN_IDENTITY = "iPhone Developer";
				"CODE_SIGN_IDENTITY[sdk=*]" = "iPhone Distribution: Xi Yang (9H8BCT48B9)";
				"CODE_SIGN_IDENTITY[sdk=iphoneos*]" = "iPhone Distribution: Xi Yang (9H8BCT48B9)";
				COPY_PHASE_STRIP = YES;
				GCC_DYNAMIC_NO_PIC = NO;
				GCC_OPTIMIZATION_LEVEL = 0;
				GCC_PRECOMPILE_PREFIX_HEADER = YES;
				GCC_PREFIX_HEADER = "appIOS/appIOS-Prefix.pch";
				GCC_THUMB_SUPPORT = NO;
				GCC_VERSION = "";
				HEADER_SEARCH_PATHS = (
					"\"$(TARGET_BUILD_DIR)/usr/local/lib/include\"",
					"\"$(OBJROOT)/UninstalledProducts/include\"",
					"\"$(BUILT_PRODUCTS_DIR)\"",
					"\"$(OBJROOT)/UninstalledProducts/$(PLATFORM_NAME)/include\"",
				);
				INFOPLIST_FILE = "appIOS/appIOS-Info.plist";
				IPHONEOS_DEPLOYMENT_TARGET = 8.0;
				OTHER_LDFLAGS = (
					"-weak_framework",
					CoreFoundation,
					"-weak_framework",
					UIKit,
					"-weak_framework",
					AVFoundation,
					"-weak_framework",
					CoreMedia,
					"-weak-lSystem",
					"-ObjC",
				);
				PRODUCT_BUNDLE_IDENTIFIER = gov.jslt.app.appIOS;
				PRODUCT_NAME = "江苏地税掌上办税";
				PROVISIONING_PROFILE = "d39dd8bd-8c9e-4195-890d-3e07e0ac35a1";
				TARGETED_DEVICE_FAMILY = 1;
			};
			name = Debug;
		};
		1D6058950D05DD3E006BFB54 /* Release */ = {
			isa = XCBuildConfiguration;
			buildSettings = {
				ALWAYS_SEARCH_USER_PATHS = NO;
				CLANG_ENABLE_OBJC_ARC = YES;
				CODE_SIGN_IDENTITY = "iPhone Developer";
				"CODE_SIGN_IDENTITY[sdk=iphoneos*]" = "iPhone Distribution: Xi Yang (9H8BCT48B9)";
				COPY_PHASE_STRIP = YES;
				GCC_PRECOMPILE_PREFIX_HEADER = YES;
				GCC_PREFIX_HEADER = "appIOS/appIOS-Prefix.pch";
				GCC_THUMB_SUPPORT = NO;
				GCC_VERSION = "";
				HEADER_SEARCH_PATHS = (
					"\"$(TARGET_BUILD_DIR)/usr/local/lib/include\"",
					"\"$(OBJROOT)/UninstalledProducts/include\"",
					"\"$(BUILT_PRODUCTS_DIR)\"",
					"\"$(OBJROOT)/UninstalledProducts/$(PLATFORM_NAME)/include\"",
				);
				INFOPLIST_FILE = "appIOS/appIOS-Info.plist";
				IPHONEOS_DEPLOYMENT_TARGET = 8.0;
				OTHER_LDFLAGS = (
					"-weak_framework",
					CoreFoundation,
					"-weak_framework",
					UIKit,
					"-weak_framework",
					AVFoundation,
					"-weak_framework",
					CoreMedia,
					"-weak-lSystem",
					"-ObjC",
				);
				PRODUCT_BUNDLE_IDENTIFIER = gov.jslt.app.appIOS;
				PRODUCT_NAME = "江苏地税掌上办税";
				PROVISIONING_PROFILE = "d39dd8bd-8c9e-4195-890d-3e07e0ac35a1";
				TARGETED_DEVICE_FAMILY = 1;
			};
			name = Release;
		};
		C01FCF4F08A954540054247B /* Debug */ = {
			isa = XCBuildConfiguration;
			buildSettings = {
				CLANG_ENABLE_OBJC_ARC = YES;
				CLANG_WARN_BOOL_CONVERSION = YES;
				CLANG_WARN_CONSTANT_CONVERSION = YES;
				CLANG_WARN_EMPTY_BODY = YES;
				CLANG_WARN_ENUM_CONVERSION = YES;
				CLANG_WARN_INT_CONVERSION = YES;
				CLANG_WARN__DUPLICATE_METHOD_MATCH = YES;
				"CODE_SIGN_IDENTITY[sdk=iphoneos*]" = "iPhone Developer";
				GCC_C_LANGUAGE_STANDARD = c99;
				GCC_THUMB_SUPPORT = NO;
				GCC_VERSION = "";
				GCC_WARN_ABOUT_RETURN_TYPE = YES;
				GCC_WARN_UNDECLARED_SELECTOR = YES;
				GCC_WARN_UNINITIALIZED_AUTOS = YES;
				GCC_WARN_UNUSED_FUNCTION = YES;
				GCC_WARN_UNUSED_VARIABLE = YES;
				HEADER_SEARCH_PATHS = (
					"\"$(TARGET_BUILD_DIR)/usr/local/lib/include\"",
					"\"$(OBJROOT)/UninstalledProducts/include\"",
					"\"$(BUILT_PRODUCTS_DIR)\"",
				);
				IPHONEOS_DEPLOYMENT_TARGET = 6.0;
				ONLY_ACTIVE_ARCH = YES;
				OTHER_LDFLAGS = (
					"-weak_framework",
					CoreFoundation,
					"-weak_framework",
					UIKit,
					"-weak_framework",
					AVFoundation,
					"-weak_framework",
					CoreMedia,
					"-weak-lSystem",
					"-ObjC",
				);
				SDKROOT = iphoneos;
				SKIP_INSTALL = NO;
				USER_HEADER_SEARCH_PATHS = "";
			};
			name = Debug;
		};
		C01FCF5008A954540054247B /* Release */ = {
			isa = XCBuildConfiguration;
			buildSettings = {
				CLANG_ENABLE_OBJC_ARC = YES;
				CLANG_WARN_BOOL_CONVERSION = YES;
				CLANG_WARN_CONSTANT_CONVERSION = YES;
				CLANG_WARN_EMPTY_BODY = YES;
				CLANG_WARN_ENUM_CONVERSION = YES;
				CLANG_WARN_INT_CONVERSION = YES;
				CLANG_WARN__DUPLICATE_METHOD_MATCH = YES;
				"CODE_SIGN_IDENTITY[sdk=iphoneos*]" = "iPhone Developer";
				GCC_C_LANGUAGE_STANDARD = c99;
				GCC_THUMB_SUPPORT = NO;
				GCC_VERSION = "";
				GCC_WARN_ABOUT_RETURN_TYPE = YES;
				GCC_WARN_UNDECLARED_SELECTOR = YES;
				GCC_WARN_UNINITIALIZED_AUTOS = YES;
				GCC_WARN_UNUSED_FUNCTION = YES;
				GCC_WARN_UNUSED_VARIABLE = YES;
				HEADER_SEARCH_PATHS = (
					"\"$(TARGET_BUILD_DIR)/usr/local/lib/include\"",
					"\"$(OBJROOT)/UninstalledProducts/include\"",
					"\"$(BUILT_PRODUCTS_DIR)\"",
				);
				IPHONEOS_DEPLOYMENT_TARGET = 6.0;
				OTHER_LDFLAGS = (
					"-weak_framework",
					CoreFoundation,
					"-weak_framework",
					UIKit,
					"-weak_framework",
					AVFoundation,
					"-weak_framework",
					CoreMedia,
					"-weak-lSystem",
					"-ObjC",
				);
				SDKROOT = iphoneos;
				SKIP_INSTALL = NO;
				USER_HEADER_SEARCH_PATHS = "";
			};
			name = Release;
		};
/* End XCBuildConfiguration section */

/* Begin XCConfigurationList section */
		1D6058960D05DD3E006BFB54 /* Build configuration list for PBXNativeTarget "appIOS" */ = {
			isa = XCConfigurationList;
			buildConfigurations = (
				1D6058940D05DD3E006BFB54 /* Debug */,
				1D6058950D05DD3E006BFB54 /* Release */,
			);
			defaultConfigurationIsVisible = 0;
			defaultConfigurationName = Release;
		};
		C01FCF4E08A954540054247B /* Build configuration list for PBXProject "appIOS" */ = {
			isa = XCConfigurationList;
			buildConfigurations = (
				C01FCF4F08A954540054247B /* Debug */,
				C01FCF5008A954540054247B /* Release */,
			);
			defaultConfigurationIsVisible = 0;
			defaultConfigurationName = Release;
		};
/* End XCConfigurationList section */
	};
	rootObject = 29B97313FDCFA39411CA2CEA /* Project object */;
}
